
Microsoft Visual Studio Solution File, Format Version 12.00
# Visual Studio Version 17
VisualStudioVersion = 17.0.31903.59
MinimumVisualStudioVersion = 10.0.40219.1
Project("{FAE04EC0-301F-11D3-BF4B-00C04F79EFBC}") = "task14", "task14\task14.csproj", "{3C3E3C55-1771-42DB-AE56-911BDB883206}"
EndProject
Project("{FAE04EC0-301F-11D3-BF4B-00C04F79EFBC}") = "task14tests", "task14tests\task14tests.csproj", "{3879801B-E789-45C6-8F73-72636E659037}"
EndProject
Global
	GlobalSection(SolutionConfigurationPlatforms) = preSolution
		Debug|Any CPU = Debug|Any CPU
		Release|Any CPU = Release|Any CPU
	EndGlobalSection
	GlobalSection(SolutionProperties) = preSolution
		HideSolutionNode = FALSE
	EndGlobalSection
	GlobalSection(ProjectConfigurationPlatforms) = postSolution
		{3C3E3C55-1771-42DB-AE56-911BDB883206}.Debug|Any CPU.ActiveCfg = Debug|Any CPU
		{3C3E3C55-1771-42DB-AE56-911BDB883206}.Debug|Any CPU.Build.0 = Debug|Any CPU
		{3C3E3C55-1771-42DB-AE56-911BDB883206}.Release|Any CPU.ActiveCfg = Release|Any CPU
		{3C3E3C55-1771-42DB-AE56-911BDB883206}.Release|Any CPU.Build.0 = Release|Any CPU
		{3879801B-E789-45C6-8F73-72636E659037}.Debug|Any CPU.ActiveCfg = Debug|Any CPU
		{3879801B-E789-45C6-8F73-72636E659037}.Debug|Any CPU.Build.0 = Debug|Any CPU
		{3879801B-E789-45C6-8F73-72636E659037}.Release|Any CPU.ActiveCfg = Release|Any CPU
		{3879801B-E789-45C6-8F73-72636E659037}.Release|Any CPU.Build.0 = Release|Any CPU
	EndGlobalSection
EndGlobal
