
Microsoft Visual Studio Solution File, Format Version 12.00
# Visual Studio Version 17
VisualStudioVersion = 17.0.31903.59
MinimumVisualStudioVersion = 10.0.40219.1
Project("{FAE04EC0-301F-11D3-BF4B-00C04F79EFBC}") = "task14tests", "task14tests\task14tests.csproj", "{1D6F1F28-A7DC-4AF6-954A-2176E61131E6}"
EndProject
Project("{FAE04EC0-301F-11D3-BF4B-00C04F79EFBC}") = "task14", "task14\task14.csproj", "{4F97AFD9-B4FE-447B-9AB8-A9C2767C94F0}"
EndProject
Global
	GlobalSection(SolutionConfigurationPlatforms) = preSolution
		Debug|Any CPU = Debug|Any CPU
		Release|Any CPU = Release|Any CPU
	EndGlobalSection
	GlobalSection(SolutionProperties) = preSolution
		HideSolutionNode = FALSE
	EndGlobalSection
	GlobalSection(ProjectConfigurationPlatforms) = postSolution
		{1D6F1F28-A7DC-4AF6-954A-2176E61131E6}.Debug|Any CPU.ActiveCfg = Debug|Any CPU
		{1D6F1F28-A7DC-4AF6-954A-2176E61131E6}.Debug|Any CPU.Build.0 = Debug|Any CPU
		{1D6F1F28-A7DC-4AF6-954A-2176E61131E6}.Release|Any CPU.ActiveCfg = Release|Any CPU
		{1D6F1F28-A7DC-4AF6-954A-2176E61131E6}.Release|Any CPU.Build.0 = Release|Any CPU
		{4F97AFD9-B4FE-447B-9AB8-A9C2767C94F0}.Debug|Any CPU.ActiveCfg = Debug|Any CPU
		{4F97AFD9-B4FE-447B-9AB8-A9C2767C94F0}.Debug|Any CPU.Build.0 = Debug|Any CPU
		{4F97AFD9-B4FE-447B-9AB8-A9C2767C94F0}.Release|Any CPU.ActiveCfg = Release|Any CPU
		{4F97AFD9-B4FE-447B-9AB8-A9C2767C94F0}.Release|Any CPU.Build.0 = Release|Any CPU
	EndGlobalSection
EndGlobal
